
Microsoft Visual Studio Solution File, Format Version 12.00
# Visual Studio Version 17
VisualStudioVersion = 17.8.34511.84
MinimumVisualStudioVersion = 10.0.40219.1
Project("{2150E333-8FDC-42A3-9474-1A3956D46DE8}") = "src", "src", "{C498A743-EB93-44D1-879A-6411E76F4891}"
EndProject
Project("{2150E333-8FDC-42A3-9474-1A3956D46DE8}") = "framework", "framework", "{087B4ADC-0F35-4B7E-A79B-DBEE175FBA43}"
EndProject
Project("{2150E333-8FDC-42A3-9474-1A3956D46DE8}") = "tests", "tests", "{EF12DF36-29F0-4FDD-A1CF-7A0B5DE29579}"
EndProject
Project("{9A19103F-16F7-4668-BE54-9A1E7A4F7556}") = "SnappFood.Domain", "src\SnappFood.Domain\SnappFood.Domain.csproj", "{65C50E58-42F5-472F-8138-2B5B73D4E963}"
EndProject
Project("{2150E333-8FDC-42A3-9474-1A3956D46DE8}") = "Core", "Core", "{F814BD04-D98E-4EA4-AD50-C8BE837F4E4C}"
EndProject
Project("{9A19103F-16F7-4668-BE54-9A1E7A4F7556}") = "SnappFood.EndPoint.Api", "src\SnappFood.EndPoint.Api\SnappFood.EndPoint.Api.csproj", "{D8F4AF19-7494-47DB-B725-CDCB9FE811E1}"
EndProject
Project("{9A19103F-16F7-4668-BE54-9A1E7A4F7556}") = "SnappFood.Framework.Domain", "framework\SnappFood.Framework.Domain\SnappFood.Framework.Domain.csproj", "{F3D8E27B-8B45-4CBF-97ED-E55A8F682D8F}"
EndProject
Project("{9A19103F-16F7-4668-BE54-9A1E7A4F7556}") = "SnappFood.Framework.Core", "framework\SnappFood.Framework.Core\SnappFood.Framework.Core.csproj", "{18D327EC-C961-4830-A81F-69158D2502A9}"
EndProject
Project("{9A19103F-16F7-4668-BE54-9A1E7A4F7556}") = "SnappFood.Application", "src\SnappFood.Application\SnappFood.Application.csproj", "{A8C4366B-CC03-4D7C-B9AB-1DB983F8BCF6}"
EndProject
Project("{9A19103F-16F7-4668-BE54-9A1E7A4F7556}") = "SnappFood.Application.Contract", "src\SnappFood.Application.Contract\SnappFood.Application.Contract.csproj", "{02B30880-ACD9-4FA5-89FA-A60A4C63EDA5}"
EndProject
Project("{2150E333-8FDC-42A3-9474-1A3956D46DE8}") = "Inferastructure", "Inferastructure", "{0E94BFDD-B8DA-408F-8C08-AB5CA18DCE7D}"
EndProject
Project("{2150E333-8FDC-42A3-9474-1A3956D46DE8}") = "Persistences", "Persistences", "{2CCBD952-00BB-48FB-B0B4-50DE3D64B0E7}"
EndProject
Project("{2150E333-8FDC-42A3-9474-1A3956D46DE8}") = "Queries", "Queries", "{C7412049-D3E1-4FBE-BE00-9FF956631E0A}"
EndProject
Project("{FAE04EC0-301F-11D3-BF4B-00C04F79EFBC}") = "SnappFood.DomainServices", "src\SnappFood.DomainServices\SnappFood.DomainServices.csproj", "{E0B69EE8-8D8D-4896-B351-CFC011FE31D5}"
EndProject
Global
	GlobalSection(SolutionConfigurationPlatforms) = preSolution
		Debug|Any CPU = Debug|Any CPU
		Release|Any CPU = Release|Any CPU
	EndGlobalSection
	GlobalSection(ProjectConfigurationPlatforms) = postSolution
		{65C50E58-42F5-472F-8138-2B5B73D4E963}.Debug|Any CPU.ActiveCfg = Debug|Any CPU
		{65C50E58-42F5-472F-8138-2B5B73D4E963}.Debug|Any CPU.Build.0 = Debug|Any CPU
		{65C50E58-42F5-472F-8138-2B5B73D4E963}.Release|Any CPU.ActiveCfg = Release|Any CPU
		{65C50E58-42F5-472F-8138-2B5B73D4E963}.Release|Any CPU.Build.0 = Release|Any CPU
		{D8F4AF19-7494-47DB-B725-CDCB9FE811E1}.Debug|Any CPU.ActiveCfg = Debug|Any CPU
		{D8F4AF19-7494-47DB-B725-CDCB9FE811E1}.Debug|Any CPU.Build.0 = Debug|Any CPU
		{D8F4AF19-7494-47DB-B725-CDCB9FE811E1}.Release|Any CPU.ActiveCfg = Release|Any CPU
		{D8F4AF19-7494-47DB-B725-CDCB9FE811E1}.Release|Any CPU.Build.0 = Release|Any CPU
		{F3D8E27B-8B45-4CBF-97ED-E55A8F682D8F}.Debug|Any CPU.ActiveCfg = Debug|Any CPU
		{F3D8E27B-8B45-4CBF-97ED-E55A8F682D8F}.Debug|Any CPU.Build.0 = Debug|Any CPU
		{F3D8E27B-8B45-4CBF-97ED-E55A8F682D8F}.Release|Any CPU.ActiveCfg = Release|Any CPU
		{F3D8E27B-8B45-4CBF-97ED-E55A8F682D8F}.Release|Any CPU.Build.0 = Release|Any CPU
		{18D327EC-C961-4830-A81F-69158D2502A9}.Debug|Any CPU.ActiveCfg = Debug|Any CPU
		{18D327EC-C961-4830-A81F-69158D2502A9}.Debug|Any CPU.Build.0 = Debug|Any CPU
		{18D327EC-C961-4830-A81F-69158D2502A9}.Release|Any CPU.ActiveCfg = Release|Any CPU
		{18D327EC-C961-4830-A81F-69158D2502A9}.Release|Any CPU.Build.0 = Release|Any CPU
		{A8C4366B-CC03-4D7C-B9AB-1DB983F8BCF6}.Debug|Any CPU.ActiveCfg = Debug|Any CPU
		{A8C4366B-CC03-4D7C-B9AB-1DB983F8BCF6}.Debug|Any CPU.Build.0 = Debug|Any CPU
		{A8C4366B-CC03-4D7C-B9AB-1DB983F8BCF6}.Release|Any CPU.ActiveCfg = Release|Any CPU
		{A8C4366B-CC03-4D7C-B9AB-1DB983F8BCF6}.Release|Any CPU.Build.0 = Release|Any CPU
		{02B30880-ACD9-4FA5-89FA-A60A4C63EDA5}.Debug|Any CPU.ActiveCfg = Debug|Any CPU
		{02B30880-ACD9-4FA5-89FA-A60A4C63EDA5}.Debug|Any CPU.Build.0 = Debug|Any CPU
		{02B30880-ACD9-4FA5-89FA-A60A4C63EDA5}.Release|Any CPU.ActiveCfg = Release|Any CPU
		{02B30880-ACD9-4FA5-89FA-A60A4C63EDA5}.Release|Any CPU.Build.0 = Release|Any CPU
		{E0B69EE8-8D8D-4896-B351-CFC011FE31D5}.Debug|Any CPU.ActiveCfg = Debug|Any CPU
		{E0B69EE8-8D8D-4896-B351-CFC011FE31D5}.Debug|Any CPU.Build.0 = Debug|Any CPU
		{E0B69EE8-8D8D-4896-B351-CFC011FE31D5}.Release|Any CPU.ActiveCfg = Release|Any CPU
		{E0B69EE8-8D8D-4896-B351-CFC011FE31D5}.Release|Any CPU.Build.0 = Release|Any CPU
	EndGlobalSection
	GlobalSection(SolutionProperties) = preSolution
		HideSolutionNode = FALSE
	EndGlobalSection
	GlobalSection(NestedProjects) = preSolution
		{65C50E58-42F5-472F-8138-2B5B73D4E963} = {F814BD04-D98E-4EA4-AD50-C8BE837F4E4C}
		{F814BD04-D98E-4EA4-AD50-C8BE837F4E4C} = {C498A743-EB93-44D1-879A-6411E76F4891}
		{D8F4AF19-7494-47DB-B725-CDCB9FE811E1} = {C498A743-EB93-44D1-879A-6411E76F4891}
		{F3D8E27B-8B45-4CBF-97ED-E55A8F682D8F} = {087B4ADC-0F35-4B7E-A79B-DBEE175FBA43}
		{18D327EC-C961-4830-A81F-69158D2502A9} = {087B4ADC-0F35-4B7E-A79B-DBEE175FBA43}
		{A8C4366B-CC03-4D7C-B9AB-1DB983F8BCF6} = {F814BD04-D98E-4EA4-AD50-C8BE837F4E4C}
		{02B30880-ACD9-4FA5-89FA-A60A4C63EDA5} = {F814BD04-D98E-4EA4-AD50-C8BE837F4E4C}
		{0E94BFDD-B8DA-408F-8C08-AB5CA18DCE7D} = {C498A743-EB93-44D1-879A-6411E76F4891}
		{2CCBD952-00BB-48FB-B0B4-50DE3D64B0E7} = {0E94BFDD-B8DA-408F-8C08-AB5CA18DCE7D}
		{C7412049-D3E1-4FBE-BE00-9FF956631E0A} = {0E94BFDD-B8DA-408F-8C08-AB5CA18DCE7D}
		{E0B69EE8-8D8D-4896-B351-CFC011FE31D5} = {F814BD04-D98E-4EA4-AD50-C8BE837F4E4C}
	EndGlobalSection
	GlobalSection(ExtensibilityGlobals) = postSolution
		SolutionGuid = {A2E5C21B-D9B2-4096-8797-C4AD730A3C21}
	EndGlobalSection
EndGlobal
